
Microsoft Visual Studio Solution File, Format Version 10.00
# Visual Studio 2008
Project("{FAE04EC0-301F-11D3-BF4B-00C04F79EFBC}") = "ScintillaNET", "ScintillaNET\ScintillaNET.csproj", "{F9B6DABD-BBC1-4638-8CE6-A5C9506BFDCB}"
EndProject
Project("{2150E333-8FDC-42A3-9474-1A3956D46DE8}") = "UI", "UI", "{DC80FF22-2F4F-481B-9653-2F9CDCB0D21F}"
EndProject
Project("{2150E333-8FDC-42A3-9474-1A3956D46DE8}") = "Core", "Core", "{3B08BC94-57FF-4F6E-B4C6-2BA9D49BBEA1}"
EndProject
Project("{2150E333-8FDC-42A3-9474-1A3956D46DE8}") = "Entry", "Entry", "{1697B355-AC14-409F-B527-237CF96011D2}"
EndProject
Project("{FAE04EC0-301F-11D3-BF4B-00C04F79EFBC}") = "NekoKun.Serialization.RubyMarshal", "NekoKun.Serialization.RubyMarshal\NekoKun.Serialization.RubyMarshal.csproj", "{A9C0DC50-CEC6-401B-92E3-65787C9BEDC9}"
EndProject
Project("{FAE04EC0-301F-11D3-BF4B-00C04F79EFBC}") = "NekoKun.Core", "NekoKun.Core\NekoKun.Core.csproj", "{44283355-E3C0-48FF-A38F-A9BDE3BBCB38}"
EndProject
Project("{FAE04EC0-301F-11D3-BF4B-00C04F79EFBC}") = "NekoKun.UI", "NekoKun.UI\NekoKun.UI.csproj", "{A413B12F-9E7F-4C03-AF29-12E35FE1FDE2}"
EndProject
Project("{FAE04EC0-301F-11D3-BF4B-00C04F79EFBC}") = "NekoKun.Editor", "NekoKun.Editor\NekoKun.Editor.csproj", "{36CE77D0-D0E1-412B-AAD4-5AA95A9DABD0}"
EndProject
Project("{FAE04EC0-301F-11D3-BF4B-00C04F79EFBC}") = "WeifenLuo.WinFormsUI.Docking", "WeifenLuo.WinFormsUI.Docking\WinFormsUI\WeifenLuo.WinFormsUI.Docking.csproj", "{C75532C4-765B-418E-B09B-46D36B2ABDB1}"
EndProject
Project("{FAE04EC0-301F-11D3-BF4B-00C04F79EFBC}") = "Ionic.Zlib", "Ionic.Zlib\Ionic.Zlib.csproj", "{9816BA86-9250-4C00-A912-25F07F8677D1}"
EndProject
Global
	GlobalSection(SubversionScc) = preSolution
		Svn-Managed = True
		Manager = AnkhSVN - Subversion Support for Visual Studio
	EndGlobalSection
	GlobalSection(SolutionConfigurationPlatforms) = preSolution
		Debug|Any CPU = Debug|Any CPU
		Release|Any CPU = Release|Any CPU
	EndGlobalSection
	GlobalSection(ProjectConfigurationPlatforms) = postSolution
		{F9B6DABD-BBC1-4638-8CE6-A5C9506BFDCB}.Debug|Any CPU.ActiveCfg = Debug|Any CPU
		{F9B6DABD-BBC1-4638-8CE6-A5C9506BFDCB}.Debug|Any CPU.Build.0 = Debug|Any CPU
		{F9B6DABD-BBC1-4638-8CE6-A5C9506BFDCB}.Release|Any CPU.ActiveCfg = Release|Any CPU
		{F9B6DABD-BBC1-4638-8CE6-A5C9506BFDCB}.Release|Any CPU.Build.0 = Release|Any CPU
		{A9C0DC50-CEC6-401B-92E3-65787C9BEDC9}.Debug|Any CPU.ActiveCfg = Debug|Any CPU
		{A9C0DC50-CEC6-401B-92E3-65787C9BEDC9}.Debug|Any CPU.Build.0 = Debug|Any CPU
		{A9C0DC50-CEC6-401B-92E3-65787C9BEDC9}.Release|Any CPU.ActiveCfg = Release|Any CPU
		{A9C0DC50-CEC6-401B-92E3-65787C9BEDC9}.Release|Any CPU.Build.0 = Release|Any CPU
		{44283355-E3C0-48FF-A38F-A9BDE3BBCB38}.Debug|Any CPU.ActiveCfg = Debug|Any CPU
		{44283355-E3C0-48FF-A38F-A9BDE3BBCB38}.Debug|Any CPU.Build.0 = Debug|Any CPU
		{44283355-E3C0-48FF-A38F-A9BDE3BBCB38}.Release|Any CPU.ActiveCfg = Release|Any CPU
		{44283355-E3C0-48FF-A38F-A9BDE3BBCB38}.Release|Any CPU.Build.0 = Release|Any CPU
		{A413B12F-9E7F-4C03-AF29-12E35FE1FDE2}.Debug|Any CPU.ActiveCfg = Debug|Any CPU
		{A413B12F-9E7F-4C03-AF29-12E35FE1FDE2}.Debug|Any CPU.Build.0 = Debug|Any CPU
		{A413B12F-9E7F-4C03-AF29-12E35FE1FDE2}.Release|Any CPU.ActiveCfg = Release|Any CPU
		{A413B12F-9E7F-4C03-AF29-12E35FE1FDE2}.Release|Any CPU.Build.0 = Release|Any CPU
		{36CE77D0-D0E1-412B-AAD4-5AA95A9DABD0}.Debug|Any CPU.ActiveCfg = Debug|Any CPU
		{36CE77D0-D0E1-412B-AAD4-5AA95A9DABD0}.Debug|Any CPU.Build.0 = Debug|Any CPU
		{36CE77D0-D0E1-412B-AAD4-5AA95A9DABD0}.Release|Any CPU.ActiveCfg = Release|Any CPU
		{36CE77D0-D0E1-412B-AAD4-5AA95A9DABD0}.Release|Any CPU.Build.0 = Release|Any CPU
		{C75532C4-765B-418E-B09B-46D36B2ABDB1}.Debug|Any CPU.ActiveCfg = Debug|Any CPU
		{C75532C4-765B-418E-B09B-46D36B2ABDB1}.Debug|Any CPU.Build.0 = Debug|Any CPU
		{C75532C4-765B-418E-B09B-46D36B2ABDB1}.Release|Any CPU.ActiveCfg = Release|Any CPU
		{C75532C4-765B-418E-B09B-46D36B2ABDB1}.Release|Any CPU.Build.0 = Release|Any CPU
		{9816BA86-9250-4C00-A912-25F07F8677D1}.Debug|Any CPU.ActiveCfg = Debug|Any CPU
		{9816BA86-9250-4C00-A912-25F07F8677D1}.Debug|Any CPU.Build.0 = Debug|Any CPU
		{9816BA86-9250-4C00-A912-25F07F8677D1}.Release|Any CPU.ActiveCfg = Release|Any CPU
		{9816BA86-9250-4C00-A912-25F07F8677D1}.Release|Any CPU.Build.0 = Release|Any CPU
	EndGlobalSection
	GlobalSection(SolutionProperties) = preSolution
		HideSolutionNode = FALSE
	EndGlobalSection
	GlobalSection(NestedProjects) = preSolution
		{F9B6DABD-BBC1-4638-8CE6-A5C9506BFDCB} = {DC80FF22-2F4F-481B-9653-2F9CDCB0D21F}
		{A413B12F-9E7F-4C03-AF29-12E35FE1FDE2} = {DC80FF22-2F4F-481B-9653-2F9CDCB0D21F}
		{C75532C4-765B-418E-B09B-46D36B2ABDB1} = {DC80FF22-2F4F-481B-9653-2F9CDCB0D21F}
		{36CE77D0-D0E1-412B-AAD4-5AA95A9DABD0} = {1697B355-AC14-409F-B527-237CF96011D2}
		{A9C0DC50-CEC6-401B-92E3-65787C9BEDC9} = {3B08BC94-57FF-4F6E-B4C6-2BA9D49BBEA1}
		{44283355-E3C0-48FF-A38F-A9BDE3BBCB38} = {3B08BC94-57FF-4F6E-B4C6-2BA9D49BBEA1}
		{9816BA86-9250-4C00-A912-25F07F8677D1} = {3B08BC94-57FF-4F6E-B4C6-2BA9D49BBEA1}
	EndGlobalSection
EndGlobal
